
Microsoft Visual Studio Solution File, Format Version 12.00
# Visual Studio Version 17
VisualStudioVersion = 17.0.31903.59
MinimumVisualStudioVersion = 10.0.40219.1
Project("{FAE04EC0-301F-11D3-BF4B-00C04F79EFBC}") = "prAIvacy.Core", "prAIvacy.Core\prAIvacy.Core.csproj", "{025EEFDD-E4D5-43A8-8060-6AABA13BBA52}"
EndProject
Project("{FAE04EC0-301F-11D3-BF4B-00C04F79EFBC}") = "prAIvacy.TestApp", "prAIvacy.TestApp\prAIvacy.TestApp.csproj", "{75196051-77E5-4173-BE44-E3743506E5E0}"
EndProject
Global
	GlobalSection(SolutionConfigurationPlatforms) = preSolution
		Debug|Any CPU = Debug|Any CPU
		Release|Any CPU = Release|Any CPU
	EndGlobalSection
	GlobalSection(SolutionProperties) = preSolution
		HideSolutionNode = FALSE
	EndGlobalSection
	GlobalSection(ProjectConfigurationPlatforms) = postSolution
		{025EEFDD-E4D5-43A8-8060-6AABA13BBA52}.Debug|Any CPU.ActiveCfg = Debug|Any CPU
		{025EEFDD-E4D5-43A8-8060-6AABA13BBA52}.Debug|Any CPU.Build.0 = Debug|Any CPU
		{025EEFDD-E4D5-43A8-8060-6AABA13BBA52}.Release|Any CPU.ActiveCfg = Release|Any CPU
		{025EEFDD-E4D5-43A8-8060-6AABA13BBA52}.Release|Any CPU.Build.0 = Release|Any CPU
		{75196051-77E5-4173-BE44-E3743506E5E0}.Debug|Any CPU.ActiveCfg = Debug|Any CPU
		{75196051-77E5-4173-BE44-E3743506E5E0}.Debug|Any CPU.Build.0 = Debug|Any CPU
		{75196051-77E5-4173-BE44-E3743506E5E0}.Release|Any CPU.ActiveCfg = Release|Any CPU
		{75196051-77E5-4173-BE44-E3743506E5E0}.Release|Any CPU.Build.0 = Release|Any CPU
	EndGlobalSection
EndGlobal
